// !$*UTF8*$!
{
	archiveVersion = 1;
	classes = {
	};
	objectVersion = 48;
	objects = {

/* Begin PBXBuildFile section */
		0335AAE520467DE20024E85B /* AppDelegate.m in Sources */ = {isa = PBXBuildFile; fileRef = 0335AAE420467DE20024E85B /* AppDelegate.m */; };
		0335AAE820467DE20024E85B /* ViewController.m in Sources */ = {isa = PBXBuildFile; fileRef = 0335AAE720467DE20024E85B /* ViewController.m */; };
		0335AAEB20467DE20024E85B /* Main.storyboard in Resources */ = {isa = PBXBuildFile; fileRef = 0335AAE920467DE20024E85B /* Main.storyboard */; };
		0335AAED20467DE20024E85B /* Assets.xcassets in Resources */ = {isa = PBXBuildFile; fileRef = 0335AAEC20467DE20024E85B /* Assets.xcassets */; };
		0335AAF020467DE20024E85B /* LaunchScreen.storyboard in Resources */ = {isa = PBXBuildFile; fileRef = 0335AAEE20467DE20024E85B /* LaunchScreen.storyboard */; };
		0335AAF320467DE20024E85B /* main.m in Sources */ = {isa = PBXBuildFile; fileRef = 0335AAF220467DE20024E85B /* main.m */; };
		0335AB0320467E390024E85B /* MenuView.m in Sources */ = {isa = PBXBuildFile; fileRef = 0335AAFB20467E390024E85B /* MenuView.m */; };
		0335AB0420467E390024E85B /* MenuView.xib in Resources */ = {isa = PBXBuildFile; fileRef = 0335AAFC20467E390024E85B /* MenuView.xib */; };
		0335AB0520467E390024E85B /* MenuViewCell.m in Sources */ = {isa = PBXBuildFile; fileRef = 0335AAFE20467E390024E85B /* MenuViewCell.m */; };
		0335AB0620467E390024E85B /* MenuViewCell.xib in Resources */ = {isa = PBXBuildFile; fileRef = 0335AAFF20467E390024E85B /* MenuViewCell.xib */; };
		0335AB0720467E390024E85B /* MenuViewSubCell.m in Sources */ = {isa = PBXBuildFile; fileRef = 0335AB0120467E390024E85B /* MenuViewSubCell.m */; };
		0335AB0820467E390024E85B /* MenuViewSubCell.xib in Resources */ = {isa = PBXBuildFile; fileRef = 0335AB0220467E390024E85B /* MenuViewSubCell.xib */; };
		0335AB2B20467F550024E85B /* MKAnnotationView+WebCache.m in Sources */ = {isa = PBXBuildFile; fileRef = 0335AB0B20467F550024E85B /* MKAnnotationView+WebCache.m */; };
		0335AB2C20467F550024E85B /* NSData+ImageContentType.m in Sources */ = {isa = PBXBuildFile; fileRef = 0335AB0D20467F550024E85B /* NSData+ImageContentType.m */; };
		0335AB2D20467F550024E85B /* SDImageCache.m in Sources */ = {isa = PBXBuildFile; fileRef = 0335AB0F20467F550024E85B /* SDImageCache.m */; };
		0335AB2E20467F550024E85B /* SDWebImageCompat.m in Sources */ = {isa = PBXBuildFile; fileRef = 0335AB1120467F550024E85B /* SDWebImageCompat.m */; };
		0335AB2F20467F550024E85B /* SDWebImageDecoder.m in Sources */ = {isa = PBXBuildFile; fileRef = 0335AB1320467F550024E85B /* SDWebImageDecoder.m */; };
		0335AB3020467F550024E85B /* SDWebImageDownloader.m in Sources */ = {isa = PBXBuildFile; fileRef = 0335AB1520467F550024E85B /* SDWebImageDownloader.m */; };
		0335AB3120467F550024E85B /* SDWebImageDownloaderOperation.m in Sources */ = {isa = PBXBuildFile; fileRef = 0335AB1720467F550024E85B /* SDWebImageDownloaderOperation.m */; };
		0335AB3220467F550024E85B /* SDWebImageManager.m in Sources */ = {isa = PBXBuildFile; fileRef = 0335AB1920467F550024E85B /* SDWebImageManager.m */; };
		0335AB3320467F550024E85B /* SDWebImagePrefetcher.m in Sources */ = {isa = PBXBuildFile; fileRef = 0335AB1C20467F550024E85B /* SDWebImagePrefetcher.m */; };
		0335AB3420467F550024E85B /* UIButton+WebCache.m in Sources */ = {isa = PBXBuildFile; fileRef = 0335AB1E20467F550024E85B /* UIButton+WebCache.m */; };
		0335AB3520467F550024E85B /* UIImage+GIF.m in Sources */ = {isa = PBXBuildFile; fileRef = 0335AB2020467F550024E85B /* UIImage+GIF.m */; };
		0335AB3620467F550024E85B /* UIImage+MultiFormat.m in Sources */ = {isa = PBXBuildFile; fileRef = 0335AB2220467F550024E85B /* UIImage+MultiFormat.m */; };
		0335AB3720467F550024E85B /* UIImage+WebP.m in Sources */ = {isa = PBXBuildFile; fileRef = 0335AB2420467F550024E85B /* UIImage+WebP.m */; };
		0335AB3820467F550024E85B /* UIImageView+HighlightedWebCache.m in Sources */ = {isa = PBXBuildFile; fileRef = 0335AB2620467F550024E85B /* UIImageView+HighlightedWebCache.m */; };
		0335AB3920467F550024E85B /* UIImageView+WebCache.m in Sources */ = {isa = PBXBuildFile; fileRef = 0335AB2820467F550024E85B /* UIImageView+WebCache.m */; };
		0335AB3A20467F550024E85B /* UIView+WebCacheOperation.m in Sources */ = {isa = PBXBuildFile; fileRef = 0335AB2A20467F550024E85B /* UIView+WebCacheOperation.m */; };
/* End PBXBuildFile section */

/* Begin PBXFileReference section */
		0335AAE020467DE20024E85B /* 分类横向滑动.app */ = {isa = PBXFileReference; explicitFileType = wrapper.application; includeInIndex = 0; path = "分类横向滑动.app"; sourceTree = BUILT_PRODUCTS_DIR; };
		0335AAE320467DE20024E85B /* AppDelegate.h */ = {isa = PBXFileReference; lastKnownFileType = sourcecode.c.h; path = AppDelegate.h; sourceTree = "<group>"; };
		0335AAE420467DE20024E85B /* AppDelegate.m */ = {isa = PBXFileReference; lastKnownFileType = sourcecode.c.objc; path = AppDelegate.m; sourceTree = "<group>"; };
		0335AAE620467DE20024E85B /* ViewController.h */ = {isa = PBXFileReference; lastKnownFileType = sourcecode.c.h; path = ViewController.h; sourceTree = "<group>"; };
		0335AAE720467DE20024E85B /* ViewController.m */ = {isa = PBXFileReference; lastKnownFileType = sourcecode.c.objc; path = ViewController.m; sourceTree = "<group>"; };
		0335AAEA20467DE20024E85B /* Base */ = {isa = PBXFileReference; lastKnownFileType = file.storyboard; name = Base; path = Base.lproj/Main.storyboard; sourceTree = "<group>"; };
		0335AAEC20467DE20024E85B /* Assets.xcassets */ = {isa = PBXFileReference; lastKnownFileType = folder.assetcatalog; path = Assets.xcassets; sourceTree = "<group>"; };
		0335AAEF20467DE20024E85B /* Base */ = {isa = PBXFileReference; lastKnownFileType = file.storyboard; name = Base; path = Base.lproj/LaunchScreen.storyboard; sourceTree = "<group>"; };
		0335AAF120467DE20024E85B /* Info.plist */ = {isa = PBXFileReference; lastKnownFileType = text.plist.xml; path = Info.plist; sourceTree = "<group>"; };
		0335AAF220467DE20024E85B /* main.m */ = {isa = PBXFileReference; lastKnownFileType = sourcecode.c.objc; path = main.m; sourceTree = "<group>"; };
		0335AAFA20467E390024E85B /* MenuView.h */ = {isa = PBXFileReference; fileEncoding = 4; lastKnownFileType = sourcecode.c.h; path = MenuView.h; sourceTree = "<group>"; };
		0335AAFB20467E390024E85B /* MenuView.m */ = {isa = PBXFileReference; fileEncoding = 4; lastKnownFileType = sourcecode.c.objc; path = MenuView.m; sourceTree = "<group>"; };
		0335AAFC20467E390024E85B /* MenuView.xib */ = {isa = PBXFileReference; fileEncoding = 4; lastKnownFileType = file.xib; path = MenuView.xib; sourceTree = "<group>"; };
		0335AAFD20467E390024E85B /* MenuViewCell.h */ = {isa = PBXFileReference; fileEncoding = 4; lastKnownFileType = sourcecode.c.h; path = MenuViewCell.h; sourceTree = "<group>"; };
		0335AAFE20467E390024E85B /* MenuViewCell.m */ = {isa = PBXFileReference; fileEncoding = 4; lastKnownFileType = sourcecode.c.objc; path = MenuViewCell.m; sourceTree = "<group>"; };
		0335AAFF20467E390024E85B /* MenuViewCell.xib */ = {isa = PBXFileReference; fileEncoding = 4; lastKnownFileType = file.xib; path = MenuViewCell.xib; sourceTree = "<group>"; };
		0335AB0020467E390024E85B /* MenuViewSubCell.h */ = {isa = PBXFileReference; fileEncoding = 4; lastKnownFileType = sourcecode.c.h; path = MenuViewSubCell.h; sourceTree = "<group>"; };
		0335AB0120467E390024E85B /* MenuViewSubCell.m */ = {isa = PBXFileReference; fileEncoding = 4; lastKnownFileType = sourcecode.c.objc; path = MenuViewSubCell.m; sourceTree = "<group>"; };
		0335AB0220467E390024E85B /* MenuViewSubCell.xib */ = {isa = PBXFileReference; fileEncoding = 4; lastKnownFileType = file.xib; path = MenuViewSubCell.xib; sourceTree = "<group>"; };
		0335AB0A20467F550024E85B /* MKAnnotationView+WebCache.h */ = {isa = PBXFileReference; fileEncoding = 4; lastKnownFileType = sourcecode.c.h; path = "MKAnnotationView+WebCache.h"; sourceTree = "<group>"; };
		0335AB0B20467F550024E85B /* MKAnnotationView+WebCache.m */ = {isa = PBXFileReference; fileEncoding = 4; lastKnownFileType = sourcecode.c.objc; path = "MKAnnotationView+WebCache.m"; sourceTree = "<group>"; };
		0335AB0C20467F550024E85B /* NSData+ImageContentType.h */ = {isa = PBXFileReference; fileEncoding = 4; lastKnownFileType = sourcecode.c.h; path = "NSData+ImageContentType.h"; sourceTree = "<group>"; };
		0335AB0D20467F550024E85B /* NSData+ImageContentType.m */ = {isa = PBXFileReference; fileEncoding = 4; lastKnownFileType = sourcecode.c.objc; path = "NSData+ImageContentType.m"; sourceTree = "<group>"; };
		0335AB0E20467F550024E85B /* SDImageCache.h */ = {isa = PBXFileReference; fileEncoding = 4; lastKnownFileType = sourcecode.c.h; path = SDImageCache.h; sourceTree = "<group>"; };
		0335AB0F20467F550024E85B /* SDImageCache.m */ = {isa = PBXFileReference; fileEncoding = 4; lastKnownFileType = sourcecode.c.objc; path = SDImageCache.m; sourceTree = "<group>"; };
		0335AB1020467F550024E85B /* SDWebImageCompat.h */ = {isa = PBXFileReference; fileEncoding = 4; lastKnownFileType = sourcecode.c.h; path = SDWebImageCompat.h; sourceTree = "<group>"; };
		0335AB1120467F550024E85B /* SDWebImageCompat.m */ = {isa = PBXFileReference; fileEncoding = 4; lastKnownFileType = sourcecode.c.objc; path = SDWebImageCompat.m; sourceTree = "<group>"; };
		0335AB1220467F550024E85B /* SDWebImageDecoder.h */ = {isa = PBXFileReference; fileEncoding = 4; lastKnownFileType = sourcecode.c.h; path = SDWebImageDecoder.h; sourceTree = "<group>"; };
		0335AB1320467F550024E85B /* SDWebImageDecoder.m */ = {isa = PBXFileReference; fileEncoding = 4; lastKnownFileType = sourcecode.c.objc; path = SDWebImageDecoder.m; sourceTree = "<group>"; };
		0335AB1420467F550024E85B /* SDWebImageDownloader.h */ = {isa = PBXFileReference; fileEncoding = 4; lastKnownFileType = sourcecode.c.h; path = SDWebImageDownloader.h; sourceTree = "<group>"; };
		0335AB1520467F550024E85B /* SDWebImageDownloader.m */ = {isa = PBXFileReference; fileEncoding = 4; lastKnownFileType = sourcecode.c.objc; path = SDWebImageDownloader.m; sourceTree = "<group>"; };
		0335AB1620467F550024E85B /* SDWebImageDownloaderOperation.h */ = {isa = PBXFileReference; fileEncoding = 4; lastKnownFileType = sourcecode.c.h; path = SDWebImageDownloaderOperation.h; sourceTree = "<group>"; };
		0335AB1720467F550024E85B /* SDWebImageDownloaderOperation.m */ = {isa = PBXFileReference; fileEncoding = 4; lastKnownFileType = sourcecode.c.objc; path = SDWebImageDownloaderOperation.m; sourceTree = "<group>"; };
		0335AB1820467F550024E85B /* SDWebImageManager.h */ = {isa = PBXFileReference; fileEncoding = 4; lastKnownFileType = sourcecode.c.h; path = SDWebImageManager.h; sourceTree = "<group>"; };
		0335AB1920467F550024E85B /* SDWebImageManager.m */ = {isa = PBXFileReference; fileEncoding = 4; lastKnownFileType = sourcecode.c.objc; path = SDWebImageManager.m; sourceTree = "<group>"; };
		0335AB1A20467F550024E85B /* SDWebImageOperation.h */ = {isa = PBXFileReference; fileEncoding = 4; lastKnownFileType = sourcecode.c.h; path = SDWebImageOperation.h; sourceTree = "<group>"; };
		0335AB1B20467F550024E85B /* SDWebImagePrefetcher.h */ = {isa = PBXFileReference; fileEncoding = 4; lastKnownFileType = sourcecode.c.h; path = SDWebImagePrefetcher.h; sourceTree = "<group>"; };
		0335AB1C20467F550024E85B /* SDWebImagePrefetcher.m */ = {isa = PBXFileReference; fileEncoding = 4; lastKnownFileType = sourcecode.c.objc; path = SDWebImagePrefetcher.m; sourceTree = "<group>"; };
		0335AB1D20467F550024E85B /* UIButton+WebCache.h */ = {isa = PBXFileReference; fileEncoding = 4; lastKnownFileType = sourcecode.c.h; path = "UIButton+WebCache.h"; sourceTree = "<group>"; };
		0335AB1E20467F550024E85B /* UIButton+WebCache.m */ = {isa = PBXFileReference; fileEncoding = 4; lastKnownFileType = sourcecode.c.objc; path = "UIButton+WebCache.m"; sourceTree = "<group>"; };
		0335AB1F20467F550024E85B /* UIImage+GIF.h */ = {isa = PBXFileReference; fileEncoding = 4; lastKnownFileType = sourcecode.c.h; path = "UIImage+GIF.h"; sourceTree = "<group>"; };
		0335AB2020467F550024E85B /* UIImage+GIF.m */ = {isa = PBXFileReference; fileEncoding = 4; lastKnownFileType = sourcecode.c.objc; path = "UIImage+GIF.m"; sourceTree = "<group>"; };
		0335AB2120467F550024E85B /* UIImage+MultiFormat.h */ = {isa = PBXFileReference; fileEncoding = 4; lastKnownFileType = sourcecode.c.h; path = "UIImage+MultiFormat.h"; sourceTree = "<group>"; };
		0335AB2220467F550024E85B /* UIImage+MultiFormat.m */ = {isa = PBXFileReference; fileEncoding = 4; lastKnownFileType = sourcecode.c.objc; path = "UIImage+MultiFormat.m"; sourceTree = "<group>"; };
		0335AB2320467F550024E85B /* UIImage+WebP.h */ = {isa = PBXFileReference; fileEncoding = 4; lastKnownFileType = sourcecode.c.h; path = "UIImage+WebP.h"; sourceTree = "<group>"; };
		0335AB2420467F550024E85B /* UIImage+WebP.m */ = {isa = PBXFileReference; fileEncoding = 4; lastKnownFileType = sourcecode.c.objc; path = "UIImage+WebP.m"; sourceTree = "<group>"; };
		0335AB2520467F550024E85B /* UIImageView+HighlightedWebCache.h */ = {isa = PBXFileReference; fileEncoding = 4; lastKnownFileType = sourcecode.c.h; path = "UIImageView+HighlightedWebCache.h"; sourceTree = "<group>"; };
		0335AB2620467F550024E85B /* UIImageView+HighlightedWebCache.m */ = {isa = PBXFileReference; fileEncoding = 4; lastKnownFileType = sourcecode.c.objc; path = "UIImageView+HighlightedWebCache.m"; sourceTree = "<group>"; };
		0335AB2720467F550024E85B /* UIImageView+WebCache.h */ = {isa = PBXFileReference; fileEncoding = 4; lastKnownFileType = sourcecode.c.h; path = "UIImageView+WebCache.h"; sourceTree = "<group>"; };
		0335AB2820467F550024E85B /* UIImageView+WebCache.m */ = {isa = PBXFileReference; fileEncoding = 4; lastKnownFileType = sourcecode.c.objc; path = "UIImageView+WebCache.m"; sourceTree = "<group>"; };
		0335AB2920467F550024E85B /* UIView+WebCacheOperation.h */ = {isa = PBXFileReference; fileEncoding = 4; lastKnownFileType = sourcecode.c.h; path = "UIView+WebCacheOperation.h"; sourceTree = "<group>"; };
		0335AB2A20467F550024E85B /* UIView+WebCacheOperation.m */ = {isa = PBXFileReference; fileEncoding = 4; lastKnownFileType = sourcecode.c.objc; path = "UIView+WebCacheOperation.m"; sourceTree = "<group>"; };
/* End PBXFileReference section */

/* Begin PBXFrameworksBuildPhase section */
		0335AADD20467DE20024E85B /* Frameworks */ = {
			isa = PBXFrameworksBuildPhase;
			buildActionMask = 2147483647;
			files = (
			);
			runOnlyForDeploymentPostprocessing = 0;
		};
/* End PBXFrameworksBuildPhase section */

/* Begin PBXGroup section */
		0335AAD720467DE20024E85B = {
			isa = PBXGroup;
			children = (
				0335AAE220467DE20024E85B /* 分类横向滑动 */,
				0335AAE120467DE20024E85B /* Products */,
			);
			sourceTree = "<group>";
		};
		0335AAE120467DE20024E85B /* Products */ = {
			isa = PBXGroup;
			children = (
				0335AAE020467DE20024E85B /* 分类横向滑动.app */,
			);
			name = Products;
			sourceTree = "<group>";
		};
		0335AAE220467DE20024E85B /* 分类横向滑动 */ = {
			isa = PBXGroup;
			children = (
				0335AAE320467DE20024E85B /* AppDelegate.h */,
				0335AAE420467DE20024E85B /* AppDelegate.m */,
				0335AAE620467DE20024E85B /* ViewController.h */,
				0335AAE720467DE20024E85B /* ViewController.m */,
				0335AB0920467F550024E85B /* SDWebImage */,
				0335AAF920467E390024E85B /* MenuView */,
				0335AAE920467DE20024E85B /* Main.storyboard */,
				0335AAEC20467DE20024E85B /* Assets.xcassets */,
				0335AAEE20467DE20024E85B /* LaunchScreen.storyboard */,
				0335AAF120467DE20024E85B /* Info.plist */,
				0335AAF220467DE20024E85B /* main.m */,
			);
			path = "分类横向滑动";
			sourceTree = "<group>";
		};
		0335AAF920467E390024E85B /* MenuView */ = {
			isa = PBXGroup;
			children = (
				0335AAFA20467E390024E85B /* MenuView.h */,
				0335AAFB20467E390024E85B /* MenuView.m */,
				0335AAFC20467E390024E85B /* MenuView.xib */,
				0335AAFD20467E390024E85B /* MenuViewCell.h */,
				0335AAFE20467E390024E85B /* MenuViewCell.m */,
				0335AAFF20467E390024E85B /* MenuViewCell.xib */,
				0335AB0020467E390024E85B /* MenuViewSubCell.h */,
				0335AB0120467E390024E85B /* MenuViewSubCell.m */,
				0335AB0220467E390024E85B /* MenuViewSubCell.xib */,
			);
			path = MenuView;
			sourceTree = "<group>";
		};
		0335AB0920467F550024E85B /* SDWebImage */ = {
			isa = PBXGroup;
			children = (
				0335AB0A20467F550024E85B /* MKAnnotationView+WebCache.h */,
				0335AB0B20467F550024E85B /* MKAnnotationView+WebCache.m */,
				0335AB0C20467F550024E85B /* NSData+ImageContentType.h */,
				0335AB0D20467F550024E85B /* NSData+ImageContentType.m */,
				0335AB0E20467F550024E85B /* SDImageCache.h */,
				0335AB0F20467F550024E85B /* SDImageCache.m */,
				0335AB1020467F550024E85B /* SDWebImageCompat.h */,
				0335AB1120467F550024E85B /* SDWebImageCompat.m */,
				0335AB1220467F550024E85B /* SDWebImageDecoder.h */,
				0335AB1320467F550024E85B /* SDWebImageDecoder.m */,
				0335AB1420467F550024E85B /* SDWebImageDownloader.h */,
				0335AB1520467F550024E85B /* SDWebImageDownloader.m */,
				0335AB1620467F550024E85B /* SDWebImageDownloaderOperation.h */,
				0335AB1720467F550024E85B /* SDWebImageDownloaderOperation.m */,
				0335AB1820467F550024E85B /* SDWebImageManager.h */,
				0335AB1920467F550024E85B /* SDWebImageManager.m */,
				0335AB1A20467F550024E85B /* SDWebImageOperation.h */,
				0335AB1B20467F550024E85B /* SDWebImagePrefetcher.h */,
				0335AB1C20467F550024E85B /* SDWebImagePrefetcher.m */,
				0335AB1D20467F550024E85B /* UIButton+WebCache.h */,
				0335AB1E20467F550024E85B /* UIButton+WebCache.m */,
				0335AB1F20467F550024E85B /* UIImage+GIF.h */,
				0335AB2020467F550024E85B /* UIImage+GIF.m */,
				0335AB2120467F550024E85B /* UIImage+MultiFormat.h */,
				0335AB2220467F550024E85B /* UIImage+MultiFormat.m */,
				0335AB2320467F550024E85B /* UIImage+WebP.h */,
				0335AB2420467F550024E85B /* UIImage+WebP.m */,
				0335AB2520467F550024E85B /* UIImageView+HighlightedWebCache.h */,
				0335AB2620467F550024E85B /* UIImageView+HighlightedWebCache.m */,
				0335AB2720467F550024E85B /* UIImageView+WebCache.h */,
				0335AB2820467F550024E85B /* UIImageView+WebCache.m */,
				0335AB2920467F550024E85B /* UIView+WebCacheOperation.h */,
				0335AB2A20467F550024E85B /* UIView+WebCacheOperation.m */,
			);
			path = SDWebImage;
			sourceTree = "<group>";
		};
/* End PBXGroup section */

/* Begin PBXNativeTarget section */
		0335AADF20467DE20024E85B /* 分类横向滑动 */ = {
			isa = PBXNativeTarget;
			buildConfigurationList = 0335AAF620467DE20024E85B /* Build configuration list for PBXNativeTarget "分类横向滑动" */;
			buildPhases = (
				0335AADC20467DE20024E85B /* Sources */,
				0335AADD20467DE20024E85B /* Frameworks */,
				0335AADE20467DE20024E85B /* Resources */,
			);
			buildRules = (
			);
			dependencies = (
			);
			name = "分类横向滑动";
			productName = "分类横向滑动";
			productReference = 0335AAE020467DE20024E85B /* 分类横向滑动.app */;
			productType = "com.apple.product-type.application";
		};
/* End PBXNativeTarget section */

/* Begin PBXProject section */
		0335AAD820467DE20024E85B /* Project object */ = {
			isa = PBXProject;
			attributes = {
				LastUpgradeCheck = 0920;
				ORGANIZATIONNAME = "王帅";
				TargetAttributes = {
					0335AADF20467DE20024E85B = {
						CreatedOnToolsVersion = 9.2;
						ProvisioningStyle = Automatic;
					};
				};
			};
			buildConfigurationList = 0335AADB20467DE20024E85B /* Build configuration list for PBXProject "分类横向滑动" */;
			compatibilityVersion = "Xcode 8.0";
			developmentRegion = en;
			hasScannedForEncodings = 0;
			knownRegions = (
				en,
				Base,
			);
			mainGroup = 0335AAD720467DE20024E85B;
			productRefGroup = 0335AAE120467DE20024E85B /* Products */;
			projectDirPath = "";
			projectRoot = "";
			targets = (
				0335AADF20467DE20024E85B /* 分类横向滑动 */,
			);
		};
/* End PBXProject section */

/* Begin PBXResourcesBuildPhase section */
		0335AADE20467DE20024E85B /* Resources */ = {
			isa = PBXResourcesBuildPhase;
			buildActionMask = 2147483647;
			files = (
				0335AB0820467E390024E85B /* MenuViewSubCell.xib in Resources */,
				0335AAF020467DE20024E85B /* LaunchScreen.storyboard in Resources */,
				0335AB0420467E390024E85B /* MenuView.xib in Resources */,
				0335AB0620467E390024E85B /* MenuViewCell.xib in Resources */,
				0335AAED20467DE20024E85B /* Assets.xcassets in Resources */,
				0335AAEB20467DE20024E85B /* Main.storyboard in Resources */,
			);
			runOnlyForDeploymentPostprocessing = 0;
		};
/* End PBXResourcesBuildPhase section */

/* Begin PBXSourcesBuildPhase section */
		0335AADC20467DE20024E85B /* Sources */ = {
			isa = PBXSourcesBuildPhase;
			buildActionMask = 2147483647;
			files = (
				0335AB0520467E390024E85B /* MenuViewCell.m in Sources */,
				0335AB3220467F550024E85B /* SDWebImageManager.m in Sources */,
				0335AB2D20467F550024E85B /* SDImageCache.m in Sources */,
				0335AB3120467F550024E85B /* SDWebImageDownloaderOperation.m in Sources */,
				0335AB3A20467F550024E85B /* UIView+WebCacheOperation.m in Sources */,
				0335AAE820467DE20024E85B /* ViewController.m in Sources */,
				0335AB3420467F550024E85B /* UIButton+WebCache.m in Sources */,
				0335AB2C20467F550024E85B /* NSData+ImageContentType.m in Sources */,
				0335AB3320467F550024E85B /* SDWebImagePrefetcher.m in Sources */,
				0335AB3020467F550024E85B /* SDWebImageDownloader.m in Sources */,
				0335AB0320467E390024E85B /* MenuView.m in Sources */,
				0335AB3720467F550024E85B /* UIImage+WebP.m in Sources */,
				0335AB3920467F550024E85B /* UIImageView+WebCache.m in Sources */,
				0335AB2F20467F550024E85B /* SDWebImageDecoder.m in Sources */,
				0335AAF320467DE20024E85B /* main.m in Sources */,
				0335AB2B20467F550024E85B /* MKAnnotationView+WebCache.m in Sources */,
				0335AB2E20467F550024E85B /* SDWebImageCompat.m in Sources */,
				0335AB0720467E390024E85B /* MenuViewSubCell.m in Sources */,
				0335AAE520467DE20024E85B /* AppDelegate.m in Sources */,
				0335AB3620467F550024E85B /* UIImage+MultiFormat.m in Sources */,
				0335AB3820467F550024E85B /* UIImageView+HighlightedWebCache.m in Sources */,
				0335AB3520467F550024E85B /* UIImage+GIF.m in Sources */,
			);
			runOnlyForDeploymentPostprocessing = 0;
		};
/* End PBXSourcesBuildPhase section */

/* Begin PBXVariantGroup section */
		0335AAE920467DE20024E85B /* Main.storyboard */ = {
			isa = PBXVariantGroup;
			children = (
				0335AAEA20467DE20024E85B /* Base */,
			);
			name = Main.storyboard;
			sourceTree = "<group>";
		};
		0335AAEE20467DE20024E85B /* LaunchScreen.storyboard */ = {
			isa = PBXVariantGroup;
			children = (
				0335AAEF20467DE20024E85B /* Base */,
			);
			name = LaunchScreen.storyboard;
			sourceTree = "<group>";
		};
/* End PBXVariantGroup section */

/* Begin XCBuildConfiguration section */
		0335AAF420467DE20024E85B /* Debug */ = {
			isa = XCBuildConfiguration;
			buildSettings = {
				ALWAYS_SEARCH_USER_PATHS = NO;
				CLANG_ANALYZER_NONNULL = YES;
				CLANG_ANALYZER_NUMBER_OBJECT_CONVERSION = YES_AGGRESSIVE;
				CLANG_CXX_LANGUAGE_STANDARD = "gnu++14";
				CLANG_CXX_LIBRARY = "libc++";
				CLANG_ENABLE_MODULES = YES;
				CLANG_ENABLE_OBJC_ARC = YES;
				CLANG_WARN_BLOCK_CAPTURE_AUTORELEASING = YES;
				CLANG_WARN_BOOL_CONVERSION = YES;
				CLANG_WARN_COMMA = YES;
				CLANG_WARN_CONSTANT_CONVERSION = YES;
				CLANG_WARN_DIRECT_OBJC_ISA_USAGE = YES_ERROR;
				CLANG_WARN_DOCUMENTATION_COMMENTS = YES;
				CLANG_WARN_EMPTY_BODY = YES;
				CLANG_WARN_ENUM_CONVERSION = YES;
				CLANG_WARN_INFINITE_RECURSION = YES;
				CLANG_WARN_INT_CONVERSION = YES;
				CLANG_WARN_NON_LITERAL_NULL_CONVERSION = YES;
				CLANG_WARN_OBJC_LITERAL_CONVERSION = YES;
				CLANG_WARN_OBJC_ROOT_CLASS = YES_ERROR;
				CLANG_WARN_RANGE_LOOP_ANALYSIS = YES;
				CLANG_WARN_STRICT_PROTOTYPES = YES;
				CLANG_WARN_SUSPICIOUS_MOVE = YES;
				CLANG_WARN_UNGUARDED_AVAILABILITY = YES_AGGRESSIVE;
				CLANG_WARN_UNREACHABLE_CODE = YES;
				CLANG_WARN__DUPLICATE_METHOD_MATCH = YES;
				CODE_SIGN_IDENTITY = "iPhone Developer";
				COPY_PHASE_STRIP = NO;
				DEBUG_INFORMATION_FORMAT = dwarf;
				ENABLE_STRICT_OBJC_MSGSEND = YES;
				ENABLE_TESTABILITY = YES;
				GCC_C_LANGUAGE_STANDARD = gnu11;
				GCC_DYNAMIC_NO_PIC = NO;
				GCC_NO_COMMON_BLOCKS = YES;
				GCC_OPTIMIZATION_LEVEL = 0;
				GCC_PREPROCESSOR_DEFINITIONS = (
					"DEBUG=1",
					"$(inherited)",
				);
				GCC_WARN_64_TO_32_BIT_CONVERSION = YES;
				GCC_WARN_ABOUT_RETURN_TYPE = YES_ERROR;
				GCC_WARN_UNDECLARED_SELECTOR = YES;
				GCC_WARN_UNINITIALIZED_AUTOS = YES_AGGRESSIVE;
				GCC_WARN_UNUSED_FUNCTION = YES;
				GCC_WARN_UNUSED_VARIABLE = YES;
				IPHONEOS_DEPLOYMENT_TARGET = 11.2;
				MTL_ENABLE_DEBUG_INFO = YES;
				ONLY_ACTIVE_ARCH = YES;
				SDKROOT = iphoneos;
			};
			name = Debug;
		};
		0335AAF520467DE20024E85B /* Release */ = {
			isa = XCBuildConfiguration;
			buildSettings = {
				ALWAYS_SEARCH_USER_PATHS = NO;
				CLANG_ANALYZER_NONNULL = YES;
				CLANG_ANALYZER_NUMBER_OBJECT_CONVERSION = YES_AGGRESSIVE;
				CLANG_CXX_LANGUAGE_STANDARD = "gnu++14";
				CLANG_CXX_LIBRARY = "libc++";
				CLANG_ENABLE_MODULES = YES;
				CLANG_ENABLE_OBJC_ARC = YES;
				CLANG_WARN_BLOCK_CAPTURE_AUTORELEASING = YES;
				CLANG_WARN_BOOL_CONVERSION = YES;
				CLANG_WARN_COMMA = YES;
				CLANG_WARN_CONSTANT_CONVERSION = YES;
				CLANG_WARN_DIRECT_OBJC_ISA_USAGE = YES_ERROR;
				CLANG_WARN_DOCUMENTATION_COMMENTS = YES;
				CLANG_WARN_EMPTY_BODY = YES;
				CLANG_WARN_ENUM_CONVERSION = YES;
				CLANG_WARN_INFINITE_RECURSION = YES;
				CLANG_WARN_INT_CONVERSION = YES;
				CLANG_WARN_NON_LITERAL_NULL_CONVERSION = YES;
				CLANG_WARN_OBJC_LITERAL_CONVERSION = YES;
				CLANG_WARN_OBJC_ROOT_CLASS = YES_ERROR;
				CLANG_WARN_RANGE_LOOP_ANALYSIS = YES;
				CLANG_WARN_STRICT_PROTOTYPES = YES;
				CLANG_WARN_SUSPICIOUS_MOVE = YES;
				CLANG_WARN_UNGUARDED_AVAILABILITY = YES_AGGRESSIVE;
				CLANG_WARN_UNREACHABLE_CODE = YES;
				CLANG_WARN__DUPLICATE_METHOD_MATCH = YES;
				CODE_SIGN_IDENTITY = "iPhone Developer";
				COPY_PHASE_STRIP = NO;
				DEBUG_INFORMATION_FORMAT = "dwarf-with-dsym";
				ENABLE_NS_ASSERTIONS = NO;
				ENABLE_STRICT_OBJC_MSGSEND = YES;
				GCC_C_LANGUAGE_STANDARD = gnu11;
				GCC_NO_COMMON_BLOCKS = YES;
				GCC_WARN_64_TO_32_BIT_CONVERSION = YES;
				GCC_WARN_ABOUT_RETURN_TYPE = YES_ERROR;
				GCC_WARN_UNDECLARED_SELECTOR = YES;
				GCC_WARN_UNINITIALIZED_AUTOS = YES_AGGRESSIVE;
				GCC_WARN_UNUSED_FUNCTION = YES;
				GCC_WARN_UNUSED_VARIABLE = YES;
				IPHONEOS_DEPLOYMENT_TARGET = 11.2;
				MTL_ENABLE_DEBUG_INFO = NO;
				SDKROOT = iphoneos;
				VALIDATE_PRODUCT = YES;
			};
			name = Release;
		};
		0335AAF720467DE20024E85B /* Debug */ = {
			isa = XCBuildConfiguration;
			buildSettings = {
				ASSETCATALOG_COMPILER_APPICON_NAME = AppIcon;
				CODE_SIGN_STYLE = Automatic;
				DEVELOPMENT_TEAM = T22AKY5M43;
				INFOPLIST_FILE = "分类横向滑动/Info.plist";
				LD_RUNPATH_SEARCH_PATHS = "$(inherited) @executable_path/Frameworks";
				PRODUCT_BUNDLE_IDENTIFIER = "com.xzmwapp.mengmaactivity.------";
				PRODUCT_NAME = "$(TARGET_NAME)";
				TARGETED_DEVICE_FAMILY = "1,2";
			};
			name = Debug;
		};
		0335AAF820467DE20024E85B /* Release */ = {
			isa = XCBuildConfiguration;
			buildSettings = {
				ASSETCATALOG_COMPILER_APPICON_NAME = AppIcon;
				CODE_SIGN_STYLE = Automatic;
				DEVELOPMENT_TEAM = T22AKY5M43;
				INFOPLIST_FILE = "分类横向滑动/Info.plist";
				LD_RUNPATH_SEARCH_PATHS = "$(inherited) @executable_path/Frameworks";
				PRODUCT_BUNDLE_IDENTIFIER = "com.xzmwapp.mengmaactivity.------";
				PRODUCT_NAME = "$(TARGET_NAME)";
				TARGETED_DEVICE_FAMILY = "1,2";
			};
			name = Release;
		};
/* End XCBuildConfiguration section */

/* Begin XCConfigurationList section */
		0335AADB20467DE20024E85B /* Build configuration list for PBXProject "分类横向滑动" */ = {
			isa = XCConfigurationList;
			buildConfigurations = (
				0335AAF420467DE20024E85B /* Debug */,
				0335AAF520467DE20024E85B /* Release */,
			);
			defaultConfigurationIsVisible = 0;
			defaultConfigurationName = Release;
		};
		0335AAF620467DE20024E85B /* Build configuration list for PBXNativeTarget "分类横向滑动" */ = {
			isa = XCConfigurationList;
			buildConfigurations = (
				0335AAF720467DE20024E85B /* Debug */,
				0335AAF820467DE20024E85B /* Release */,
			);
			defaultConfigurationIsVisible = 0;
			defaultConfigurationName = Release;
		};
/* End XCConfigurationList section */
	};
	rootObject = 0335AAD820467DE20024E85B /* Project object */;
}
